// !$*UTF8*$!
{
	archiveVersion = 1;
	classes = {
	};
	objectVersion = 56;
	objects = {

/* Begin PBXBuildFile section */
		572153E6292E2A600026831B /* Lookin_ForJobsApp.swift in Sources */ = {isa = PBXBuildFile; fileRef = 572153E5292E2A600026831B /* Lookin_ForJobsApp.swift */; };
		572153E8292E2A600026831B /* ContentView.swift in Sources */ = {isa = PBXBuildFile; fileRef = 572153E7292E2A600026831B /* ContentView.swift */; };
		572153EA292E2A620026831B /* Assets.xcassets in Resources */ = {isa = PBXBuildFile; fileRef = 572153E9292E2A620026831B /* Assets.xcassets */; };
		572153ED292E2A620026831B /* Preview Assets.xcassets in Resources */ = {isa = PBXBuildFile; fileRef = 572153EC292E2A620026831B /* Preview Assets.xcassets */; };
		572153EF292E2A620026831B /* Persistence.swift in Sources */ = {isa = PBXBuildFile; fileRef = 572153EE292E2A620026831B /* Persistence.swift */; };
		572153F2292E2A620026831B /* Lookin_ForJobs.xcdatamodeld in Sources */ = {isa = PBXBuildFile; fileRef = 572153F0292E2A620026831B /* Lookin_ForJobs.xcdatamodeld */; };
		572A52AE2968E38B00719042 /* RegisterViewModel.swift in Sources */ = {isa = PBXBuildFile; fileRef = 572A52AD2968E38B00719042 /* RegisterViewModel.swift */; };
		57495246295E3613002B2D0D /* StudentModel.swift in Sources */ = {isa = PBXBuildFile; fileRef = 57495245295E3613002B2D0D /* StudentModel.swift */; };
		57495249295E369C002B2D0D /* NetworkManager.swift in Sources */ = {isa = PBXBuildFile; fileRef = 57495248295E369C002B2D0D /* NetworkManager.swift */; };
		5749524D295E38F3002B2D0D /* RegisterView.swift in Sources */ = {isa = PBXBuildFile; fileRef = 5749524C295E38F3002B2D0D /* RegisterView.swift */; };
		57577AF52970DD7100D214DF /* Authentication.swift in Sources */ = {isa = PBXBuildFile; fileRef = 57577AF42970DD7100D214DF /* Authentication.swift */; };
		57577AF829749CD000D214DF /* SeparatorView.swift in Sources */ = {isa = PBXBuildFile; fileRef = 57577AF729749CD000D214DF /* SeparatorView.swift */; };
		577D00BA2975D87F00F0CE3A /* JobsView.swift in Sources */ = {isa = PBXBuildFile; fileRef = 577D00B92975D87F00F0CE3A /* JobsView.swift */; };
		577D00BC2975D9B700F0CE3A /* JobModel.swift in Sources */ = {isa = PBXBuildFile; fileRef = 577D00BB2975D9B700F0CE3A /* JobModel.swift */; };
		579D8C472970C6E6002D0EFE /* LoginView.swift in Sources */ = {isa = PBXBuildFile; fileRef = 579D8C462970C6E6002D0EFE /* LoginView.swift */; };
		579D8C492970C732002D0EFE /* LoginViewModel.swift in Sources */ = {isa = PBXBuildFile; fileRef = 579D8C482970C732002D0EFE /* LoginViewModel.swift */; };
		579D8C4B2970D164002D0EFE /* Credentials.swift in Sources */ = {isa = PBXBuildFile; fileRef = 579D8C4A2970D164002D0EFE /* Credentials.swift */; };
/* End PBXBuildFile section */

/* Begin PBXFileReference section */
		572153E2292E2A600026831B /* Lookin'ForJobs.app */ = {isa = PBXFileReference; explicitFileType = wrapper.application; includeInIndex = 0; path = "Lookin'ForJobs.app"; sourceTree = BUILT_PRODUCTS_DIR; };
		572153E5292E2A600026831B /* Lookin_ForJobsApp.swift */ = {isa = PBXFileReference; lastKnownFileType = sourcecode.swift; path = Lookin_ForJobsApp.swift; sourceTree = "<group>"; };
		572153E7292E2A600026831B /* ContentView.swift */ = {isa = PBXFileReference; lastKnownFileType = sourcecode.swift; path = ContentView.swift; sourceTree = "<group>"; };
		572153E9292E2A620026831B /* Assets.xcassets */ = {isa = PBXFileReference; lastKnownFileType = folder.assetcatalog; path = Assets.xcassets; sourceTree = "<group>"; };
		572153EC292E2A620026831B /* Preview Assets.xcassets */ = {isa = PBXFileReference; lastKnownFileType = folder.assetcatalog; path = "Preview Assets.xcassets"; sourceTree = "<group>"; };
		572153EE292E2A620026831B /* Persistence.swift */ = {isa = PBXFileReference; lastKnownFileType = sourcecode.swift; path = Persistence.swift; sourceTree = "<group>"; };
		572153F1292E2A620026831B /* Lookin_ForJobs.xcdatamodel */ = {isa = PBXFileReference; lastKnownFileType = wrapper.xcdatamodel; path = Lookin_ForJobs.xcdatamodel; sourceTree = "<group>"; };
		572A52AD2968E38B00719042 /* RegisterViewModel.swift */ = {isa = PBXFileReference; lastKnownFileType = sourcecode.swift; path = RegisterViewModel.swift; sourceTree = "<group>"; };
		57495245295E3613002B2D0D /* StudentModel.swift */ = {isa = PBXFileReference; lastKnownFileType = sourcecode.swift; path = StudentModel.swift; sourceTree = "<group>"; };
		57495248295E369C002B2D0D /* NetworkManager.swift */ = {isa = PBXFileReference; lastKnownFileType = sourcecode.swift; path = NetworkManager.swift; sourceTree = "<group>"; };
		5749524C295E38F3002B2D0D /* RegisterView.swift */ = {isa = PBXFileReference; lastKnownFileType = sourcecode.swift; path = RegisterView.swift; sourceTree = "<group>"; };
		57577AF42970DD7100D214DF /* Authentication.swift */ = {isa = PBXFileReference; lastKnownFileType = sourcecode.swift; path = Authentication.swift; sourceTree = "<group>"; };
		57577AF729749CD000D214DF /* SeparatorView.swift */ = {isa = PBXFileReference; lastKnownFileType = sourcecode.swift; path = SeparatorView.swift; sourceTree = "<group>"; };
		577D00B92975D87F00F0CE3A /* JobsView.swift */ = {isa = PBXFileReference; lastKnownFileType = sourcecode.swift; path = JobsView.swift; sourceTree = "<group>"; };
		577D00BB2975D9B700F0CE3A /* JobModel.swift */ = {isa = PBXFileReference; lastKnownFileType = sourcecode.swift; path = JobModel.swift; sourceTree = "<group>"; };
		579D8C462970C6E6002D0EFE /* LoginView.swift */ = {isa = PBXFileReference; lastKnownFileType = sourcecode.swift; path = LoginView.swift; sourceTree = "<group>"; };
		579D8C482970C732002D0EFE /* LoginViewModel.swift */ = {isa = PBXFileReference; lastKnownFileType = sourcecode.swift; path = LoginViewModel.swift; sourceTree = "<group>"; };
		579D8C4A2970D164002D0EFE /* Credentials.swift */ = {isa = PBXFileReference; lastKnownFileType = sourcecode.swift; path = Credentials.swift; sourceTree = "<group>"; };
/* End PBXFileReference section */

/* Begin PBXFrameworksBuildPhase section */
		572153DF292E2A600026831B /* Frameworks */ = {
			isa = PBXFrameworksBuildPhase;
			buildActionMask = 2147483647;
			files = (
			);
			runOnlyForDeploymentPostprocessing = 0;
		};
/* End PBXFrameworksBuildPhase section */

/* Begin PBXGroup section */
		572153D9292E2A600026831B = {
			isa = PBXGroup;
			children = (
				572153E4292E2A600026831B /* Lookin'ForJobs */,
				572153E3292E2A600026831B /* Products */,
			);
			sourceTree = "<group>";
		};
		572153E3292E2A600026831B /* Products */ = {
			isa = PBXGroup;
			children = (
				572153E2292E2A600026831B /* Lookin'ForJobs.app */,
			);
			name = Products;
			sourceTree = "<group>";
		};
		572153E4292E2A600026831B /* Lookin'ForJobs */ = {
			isa = PBXGroup;
			children = (
				572A52AF296A303E00719042 /* View */,
				572A52AC2968E36D00719042 /* Model */,
				57495244295E35FC002B2D0D /* ViewModels */,
				572153E5292E2A600026831B /* Lookin_ForJobsApp.swift */,
				572153E7292E2A600026831B /* ContentView.swift */,
				572153E9292E2A620026831B /* Assets.xcassets */,
				572153EE292E2A620026831B /* Persistence.swift */,
				572153F0292E2A620026831B /* Lookin_ForJobs.xcdatamodeld */,
				572153EB292E2A620026831B /* Preview Content */,
				57495248295E369C002B2D0D /* NetworkManager.swift */,
				57577AF42970DD7100D214DF /* Authentication.swift */,
			);
			path = "Lookin'ForJobs";
			sourceTree = "<group>";
		};
		572153EB292E2A620026831B /* Preview Content */ = {
			isa = PBXGroup;
			children = (
				572153EC292E2A620026831B /* Preview Assets.xcassets */,
			);
			path = "Preview Content";
			sourceTree = "<group>";
		};
		572A52AC2968E36D00719042 /* Model */ = {
			isa = PBXGroup;
			children = (
				57495245295E3613002B2D0D /* StudentModel.swift */,
				579D8C4A2970D164002D0EFE /* Credentials.swift */,
				577D00BB2975D9B700F0CE3A /* JobModel.swift */,
			);
			path = Model;
			sourceTree = "<group>";
		};
		572A52AF296A303E00719042 /* View */ = {
			isa = PBXGroup;
			children = (
				5749524C295E38F3002B2D0D /* RegisterView.swift */,
				579D8C462970C6E6002D0EFE /* LoginView.swift */,
				57577AF729749CD000D214DF /* SeparatorView.swift */,
				577D00B92975D87F00F0CE3A /* JobsView.swift */,
			);
			path = View;
			sourceTree = "<group>";
		};
		57495244295E35FC002B2D0D /* ViewModels */ = {
			isa = PBXGroup;
			children = (
				572A52AD2968E38B00719042 /* RegisterViewModel.swift */,
				579D8C482970C732002D0EFE /* LoginViewModel.swift */,
			);
			path = ViewModels;
			sourceTree = "<group>";
		};
/* End PBXGroup section */

/* Begin PBXNativeTarget section */
		572153E1292E2A600026831B /* Lookin'ForJobs */ = {
			isa = PBXNativeTarget;
			buildConfigurationList = 572153F5292E2A620026831B /* Build configuration list for PBXNativeTarget "Lookin'ForJobs" */;
			buildPhases = (
				572153DE292E2A600026831B /* Sources */,
				572153DF292E2A600026831B /* Frameworks */,
				572153E0292E2A600026831B /* Resources */,
			);
			buildRules = (
			);
			dependencies = (
			);
			name = "Lookin'ForJobs";
			productName = "Lookin'ForJobs";
			productReference = 572153E2292E2A600026831B /* Lookin'ForJobs.app */;
			productType = "com.apple.product-type.application";
		};
/* End PBXNativeTarget section */

/* Begin PBXProject section */
		572153DA292E2A600026831B /* Project object */ = {
			isa = PBXProject;
			attributes = {
				BuildIndependentTargetsInParallel = 1;
				LastSwiftUpdateCheck = 1400;
				LastUpgradeCheck = 1400;
				TargetAttributes = {
					572153E1292E2A600026831B = {
						CreatedOnToolsVersion = 14.0;
					};
				};
			};
			buildConfigurationList = 572153DD292E2A600026831B /* Build configuration list for PBXProject "Lookin'ForJobs" */;
			compatibilityVersion = "Xcode 14.0";
			developmentRegion = en;
			hasScannedForEncodings = 0;
			knownRegions = (
				en,
				Base,
			);
			mainGroup = 572153D9292E2A600026831B;
			packageReferences = (
				57577AF62973905E00D214DF /* XCRemoteSwiftPackageReference "firebase-ios-sdk" */,
			);
			productRefGroup = 572153E3292E2A600026831B /* Products */;
			projectDirPath = "";
			projectRoot = "";
			targets = (
				572153E1292E2A600026831B /* Lookin'ForJobs */,
			);
		};
/* End PBXProject section */

/* Begin PBXResourcesBuildPhase section */
		572153E0292E2A600026831B /* Resources */ = {
			isa = PBXResourcesBuildPhase;
			buildActionMask = 2147483647;
			files = (
				572153ED292E2A620026831B /* Preview Assets.xcassets in Resources */,
				572153EA292E2A620026831B /* Assets.xcassets in Resources */,
			);
			runOnlyForDeploymentPostprocessing = 0;
		};
/* End PBXResourcesBuildPhase section */

/* Begin PBXSourcesBuildPhase section */
		572153DE292E2A600026831B /* Sources */ = {
			isa = PBXSourcesBuildPhase;
			buildActionMask = 2147483647;
			files = (
				57577AF829749CD000D214DF /* SeparatorView.swift in Sources */,
				5749524D295E38F3002B2D0D /* RegisterView.swift in Sources */,
				577D00BA2975D87F00F0CE3A /* JobsView.swift in Sources */,
				572A52AE2968E38B00719042 /* RegisterViewModel.swift in Sources */,
				57495249295E369C002B2D0D /* NetworkManager.swift in Sources */,
				579D8C4B2970D164002D0EFE /* Credentials.swift in Sources */,
				579D8C472970C6E6002D0EFE /* LoginView.swift in Sources */,
				572153EF292E2A620026831B /* Persistence.swift in Sources */,
				572153E8292E2A600026831B /* ContentView.swift in Sources */,
				572153E6292E2A600026831B /* Lookin_ForJobsApp.swift in Sources */,
				57495246295E3613002B2D0D /* StudentModel.swift in Sources */,
				577D00BC2975D9B700F0CE3A /* JobModel.swift in Sources */,
				579D8C492970C732002D0EFE /* LoginViewModel.swift in Sources */,
				572153F2292E2A620026831B /* Lookin_ForJobs.xcdatamodeld in Sources */,
				57577AF52970DD7100D214DF /* Authentication.swift in Sources */,
			);
			runOnlyForDeploymentPostprocessing = 0;
		};
/* End PBXSourcesBuildPhase section */

/* Begin XCBuildConfiguration section */
		572153F3292E2A620026831B /* Debug */ = {
			isa = XCBuildConfiguration;
			buildSettings = {
				ALWAYS_SEARCH_USER_PATHS = NO;
				CLANG_ANALYZER_NONNULL = YES;
				CLANG_ANALYZER_NUMBER_OBJECT_CONVERSION = YES_AGGRESSIVE;
				CLANG_CXX_LANGUAGE_STANDARD = "gnu++20";
				CLANG_ENABLE_MODULES = YES;
				CLANG_ENABLE_OBJC_ARC = YES;
				CLANG_ENABLE_OBJC_WEAK = YES;
				CLANG_WARN_BLOCK_CAPTURE_AUTORELEASING = YES;
				CLANG_WARN_BOOL_CONVERSION = YES;
				CLANG_WARN_COMMA = YES;
				CLANG_WARN_CONSTANT_CONVERSION = YES;
				CLANG_WARN_DEPRECATED_OBJC_IMPLEMENTATIONS = YES;
				CLANG_WARN_DIRECT_OBJC_ISA_USAGE = YES_ERROR;
				CLANG_WARN_DOCUMENTATION_COMMENTS = YES;
				CLANG_WARN_EMPTY_BODY = YES;
				CLANG_WARN_ENUM_CONVERSION = YES;
				CLANG_WARN_INFINITE_RECURSION = YES;
				CLANG_WARN_INT_CONVERSION = YES;
				CLANG_WARN_NON_LITERAL_NULL_CONVERSION = YES;
				CLANG_WARN_OBJC_IMPLICIT_RETAIN_SELF = YES;
				CLANG_WARN_OBJC_LITERAL_CONVERSION = YES;
				CLANG_WARN_OBJC_ROOT_CLASS = YES_ERROR;
				CLANG_WARN_QUOTED_INCLUDE_IN_FRAMEWORK_HEADER = YES;
				CLANG_WARN_RANGE_LOOP_ANALYSIS = YES;
				CLANG_WARN_STRICT_PROTOTYPES = YES;
				CLANG_WARN_SUSPICIOUS_MOVE = YES;
				CLANG_WARN_UNGUARDED_AVAILABILITY = YES_AGGRESSIVE;
				CLANG_WARN_UNREACHABLE_CODE = YES;
				CLANG_WARN__DUPLICATE_METHOD_MATCH = YES;
				COPY_PHASE_STRIP = NO;
				DEBUG_INFORMATION_FORMAT = dwarf;
				ENABLE_STRICT_OBJC_MSGSEND = YES;
				ENABLE_TESTABILITY = YES;
				GCC_C_LANGUAGE_STANDARD = gnu11;
				GCC_DYNAMIC_NO_PIC = NO;
				GCC_NO_COMMON_BLOCKS = YES;
				GCC_OPTIMIZATION_LEVEL = 0;
				GCC_PREPROCESSOR_DEFINITIONS = (
					"DEBUG=1",
					"$(inherited)",
				);
				GCC_WARN_64_TO_32_BIT_CONVERSION = YES;
				GCC_WARN_ABOUT_RETURN_TYPE = YES_ERROR;
				GCC_WARN_UNDECLARED_SELECTOR = YES;
				GCC_WARN_UNINITIALIZED_AUTOS = YES_AGGRESSIVE;
				GCC_WARN_UNUSED_FUNCTION = YES;
				GCC_WARN_UNUSED_VARIABLE = YES;
				IPHONEOS_DEPLOYMENT_TARGET = 16.0;
				MTL_ENABLE_DEBUG_INFO = INCLUDE_SOURCE;
				MTL_FAST_MATH = YES;
				ONLY_ACTIVE_ARCH = YES;
				SDKROOT = iphoneos;
				SWIFT_ACTIVE_COMPILATION_CONDITIONS = DEBUG;
				SWIFT_OPTIMIZATION_LEVEL = "-Onone";
			};
			name = Debug;
		};
		572153F4292E2A620026831B /* Release */ = {
			isa = XCBuildConfiguration;
			buildSettings = {
				ALWAYS_SEARCH_USER_PATHS = NO;
				CLANG_ANALYZER_NONNULL = YES;
				CLANG_ANALYZER_NUMBER_OBJECT_CONVERSION = YES_AGGRESSIVE;
				CLANG_CXX_LANGUAGE_STANDARD = "gnu++20";
				CLANG_ENABLE_MODULES = YES;
				CLANG_ENABLE_OBJC_ARC = YES;
				CLANG_ENABLE_OBJC_WEAK = YES;
				CLANG_WARN_BLOCK_CAPTURE_AUTORELEASING = YES;
				CLANG_WARN_BOOL_CONVERSION = YES;
				CLANG_WARN_COMMA = YES;
				CLANG_WARN_CONSTANT_CONVERSION = YES;
				CLANG_WARN_DEPRECATED_OBJC_IMPLEMENTATIONS = YES;
				CLANG_WARN_DIRECT_OBJC_ISA_USAGE = YES_ERROR;
				CLANG_WARN_DOCUMENTATION_COMMENTS = YES;
				CLANG_WARN_EMPTY_BODY = YES;
				CLANG_WARN_ENUM_CONVERSION = YES;
				CLANG_WARN_INFINITE_RECURSION = YES;
				CLANG_WARN_INT_CONVERSION = YES;
				CLANG_WARN_NON_LITERAL_NULL_CONVERSION = YES;
				CLANG_WARN_OBJC_IMPLICIT_RETAIN_SELF = YES;
				CLANG_WARN_OBJC_LITERAL_CONVERSION = YES;
				CLANG_WARN_OBJC_ROOT_CLASS = YES_ERROR;
				CLANG_WARN_QUOTED_INCLUDE_IN_FRAMEWORK_HEADER = YES;
				CLANG_WARN_RANGE_LOOP_ANALYSIS = YES;
				CLANG_WARN_STRICT_PROTOTYPES = YES;
				CLANG_WARN_SUSPICIOUS_MOVE = YES;
				CLANG_WARN_UNGUARDED_AVAILABILITY = YES_AGGRESSIVE;
				CLANG_WARN_UNREACHABLE_CODE = YES;
				CLANG_WARN__DUPLICATE_METHOD_MATCH = YES;
				COPY_PHASE_STRIP = NO;
				DEBUG_INFORMATION_FORMAT = "dwarf-with-dsym";
				ENABLE_NS_ASSERTIONS = NO;
				ENABLE_STRICT_OBJC_MSGSEND = YES;
				GCC_C_LANGUAGE_STANDARD = gnu11;
				GCC_NO_COMMON_BLOCKS = YES;
				GCC_WARN_64_TO_32_BIT_CONVERSION = YES;
				GCC_WARN_ABOUT_RETURN_TYPE = YES_ERROR;
				GCC_WARN_UNDECLARED_SELECTOR = YES;
				GCC_WARN_UNINITIALIZED_AUTOS = YES_AGGRESSIVE;
				GCC_WARN_UNUSED_FUNCTION = YES;
				GCC_WARN_UNUSED_VARIABLE = YES;
				IPHONEOS_DEPLOYMENT_TARGET = 16.0;
				MTL_ENABLE_DEBUG_INFO = NO;
				MTL_FAST_MATH = YES;
				SDKROOT = iphoneos;
				SWIFT_COMPILATION_MODE = wholemodule;
				SWIFT_OPTIMIZATION_LEVEL = "-O";
				VALIDATE_PRODUCT = YES;
			};
			name = Release;
		};
		572153F6292E2A620026831B /* Debug */ = {
			isa = XCBuildConfiguration;
			buildSettings = {
				ASSETCATALOG_COMPILER_APPICON_NAME = AppIcon;
				ASSETCATALOG_COMPILER_GLOBAL_ACCENT_COLOR_NAME = AccentColor;
				CODE_SIGN_STYLE = Automatic;
				CURRENT_PROJECT_VERSION = 1;
				DEVELOPMENT_ASSET_PATHS = "\"Lookin'ForJobs/Preview Content\"";
				ENABLE_PREVIEWS = YES;
				GENERATE_INFOPLIST_FILE = YES;
				INFOPLIST_KEY_UIApplicationSceneManifest_Generation = YES;
				INFOPLIST_KEY_UIApplicationSupportsIndirectInputEvents = YES;
				INFOPLIST_KEY_UILaunchScreen_Generation = YES;
				INFOPLIST_KEY_UISupportedInterfaceOrientations_iPad = "UIInterfaceOrientationPortrait UIInterfaceOrientationPortraitUpsideDown UIInterfaceOrientationLandscapeLeft UIInterfaceOrientationLandscapeRight";
				INFOPLIST_KEY_UISupportedInterfaceOrientations_iPhone = "UIInterfaceOrientationPortrait UIInterfaceOrientationLandscapeLeft UIInterfaceOrientationLandscapeRight";
				LD_RUNPATH_SEARCH_PATHS = (
					"$(inherited)",
					"@executable_path/Frameworks",
				);
				MARKETING_VERSION = 1.0;
				PRODUCT_BUNDLE_IDENTIFIER = "first.Lookin-ForJobs";
				PRODUCT_NAME = "$(TARGET_NAME)";
				SWIFT_EMIT_LOC_STRINGS = YES;
				SWIFT_VERSION = 5.0;
				TARGETED_DEVICE_FAMILY = "1,2";
			};
			name = Debug;
		};
		572153F7292E2A620026831B /* Release */ = {
			isa = XCBuildConfiguration;
			buildSettings = {
				ASSETCATALOG_COMPILER_APPICON_NAME = AppIcon;
				ASSETCATALOG_COMPILER_GLOBAL_ACCENT_COLOR_NAME = AccentColor;
				CODE_SIGN_STYLE = Automatic;
				CURRENT_PROJECT_VERSION = 1;
				DEVELOPMENT_ASSET_PATHS = "\"Lookin'ForJobs/Preview Content\"";
				ENABLE_PREVIEWS = YES;
				GENERATE_INFOPLIST_FILE = YES;
				INFOPLIST_KEY_UIApplicationSceneManifest_Generation = YES;
				INFOPLIST_KEY_UIApplicationSupportsIndirectInputEvents = YES;
				INFOPLIST_KEY_UILaunchScreen_Generation = YES;
				INFOPLIST_KEY_UISupportedInterfaceOrientations_iPad = "UIInterfaceOrientationPortrait UIInterfaceOrientationPortraitUpsideDown UIInterfaceOrientationLandscapeLeft UIInterfaceOrientationLandscapeRight";
				INFOPLIST_KEY_UISupportedInterfaceOrientations_iPhone = "UIInterfaceOrientationPortrait UIInterfaceOrientationLandscapeLeft UIInterfaceOrientationLandscapeRight";
				LD_RUNPATH_SEARCH_PATHS = (
					"$(inherited)",
					"@executable_path/Frameworks",
				);
				MARKETING_VERSION = 1.0;
				PRODUCT_BUNDLE_IDENTIFIER = "first.Lookin-ForJobs";
				PRODUCT_NAME = "$(TARGET_NAME)";
				SWIFT_EMIT_LOC_STRINGS = YES;
				SWIFT_VERSION = 5.0;
				TARGETED_DEVICE_FAMILY = "1,2";
			};
			name = Release;
		};
/* End XCBuildConfiguration section */

/* Begin XCConfigurationList section */
		572153DD292E2A600026831B /* Build configuration list for PBXProject "Lookin'ForJobs" */ = {
			isa = XCConfigurationList;
			buildConfigurations = (
				572153F3292E2A620026831B /* Debug */,
				572153F4292E2A620026831B /* Release */,
			);
			defaultConfigurationIsVisible = 0;
			defaultConfigurationName = Release;
		};
		572153F5292E2A620026831B /* Build configuration list for PBXNativeTarget "Lookin'ForJobs" */ = {
			isa = XCConfigurationList;
			buildConfigurations = (
				572153F6292E2A620026831B /* Debug */,
				572153F7292E2A620026831B /* Release */,
			);
			defaultConfigurationIsVisible = 0;
			defaultConfigurationName = Release;
		};
/* End XCConfigurationList section */

/* Begin XCRemoteSwiftPackageReference section */
		57577AF62973905E00D214DF /* XCRemoteSwiftPackageReference "firebase-ios-sdk" */ = {
			isa = XCRemoteSwiftPackageReference;
			repositoryURL = "https://github.com/firebase/firebase-ios-sdk";
			requirement = {
				kind = upToNextMajorVersion;
				minimumVersion = 9.0.0;
			};
		};
/* End XCRemoteSwiftPackageReference section */

/* Begin XCVersionGroup section */
		572153F0292E2A620026831B /* Lookin_ForJobs.xcdatamodeld */ = {
			isa = XCVersionGroup;
			children = (
				572153F1292E2A620026831B /* Lookin_ForJobs.xcdatamodel */,
			);
			currentVersion = 572153F1292E2A620026831B /* Lookin_ForJobs.xcdatamodel */;
			path = Lookin_ForJobs.xcdatamodeld;
			sourceTree = "<group>";
			versionGroupType = wrapper.xcdatamodel;
		};
/* End XCVersionGroup section */
	};
	rootObject = 572153DA292E2A600026831B /* Project object */;
}
